{
  "name": "sol_icp_poc",
  "version": "1.0.0",
  "lockfileVersion": 3,
  "requires": true,
  "packages": {
    "": {
      "name": "sol_icp_poc",
      "version": "1.0.0",
      "dependencies": {
        "@dfinity/agent": "^3.1.0"
      }
    },
    "node_modules/@dfinity/agent": {
      "version": "3.1.0",
      "resolved": "https://registry.npmjs.org/@dfinity/agent/-/agent-3.1.0.tgz",
      "integrity": "sha512-4ktWU9KoB+Y0y84i0c2up9xmek2WjwSsbh4zGUK+o3VwZyqH8Cck4Fh4eiTa5jOve/vtfSVDbUVNFXsaS3Gttw==",
      "dependencies": {
        "@dfinity/cbor": "^0.2.2",
        "@noble/curves": "^1.9.2"
      },
      "peerDependencies": {
        "@dfinity/candid": "3.1.0",
        "@dfinity/principal": "3.1.0",
        "@noble/hashes": "^1.8.0"
      }
    },
    "node_modules/@dfinity/candid": {
      "version": "3.1.0",
      "resolved": "https://registry.npmjs.org/@dfinity/candid/-/candid-3.1.0.tgz",
      "integrity": "sha512-YwZJROFmzPa4GCJJyGCoOYJ2pKmp9rboixGQSbLPekX0n0oU0mcEbuVKJFu6HY6CnoDoI8YKc9x+jlqh4n0u5A==",
      "peer": true,
      "peerDependencies": {
        "@dfinity/principal": "3.1.0"
      }
    },
    "node_modules/@dfinity/cbor": {
      "version": "0.2.2",
      "resolved": "https://registry.npmjs.org/@dfinity/cbor/-/cbor-0.2.2.tgz",
      "integrity": "sha512-GPJpH73kDEKbUBdUjY80lz7cq9l0vm1h/7ppejPV6O0ZTqCLrYspssYvqjRmK4aNnJ/SKXsP0rg9LYX7zpegaA=="
    },
    "node_modules/@dfinity/principal": {
      "version": "3.1.0",
      "resolved": "https://registry.npmjs.org/@dfinity/principal/-/principal-3.1.0.tgz",
      "integrity": "sha512-ef2JbgwQGtam0s19bH9CaR8ztpuoNx10eC6/kBjR/R8VC2eIBlaJHvD0lXDrBWGtOPZGzEy/XAugeBr3raxZ8A==",
      "peer": true,
      "dependencies": {
        "@noble/hashes": "^1.8.0"
      }
    },
    "node_modules/@noble/curves": {
      "version": "1.9.6",
      "resolved": "https://registry.npmjs.org/@noble/curves/-/curves-1.9.6.tgz",
      "integrity": "sha512-GIKz/j99FRthB8icyJQA51E8Uk5hXmdyThjgQXRKiv9h0zeRlzSCLIzFw6K1LotZ3XuB7yzlf76qk7uBmTdFqA==",
      "dependencies": {
        "@noble/hashes": "1.8.0"
      },
      "engines": {
        "node": "^14.21.3 || >=16"
      },
      "funding": {
        "url": "https://paulmillr.com/funding/"
      }
    },
    "node_modules/@noble/hashes": {
      "version": "1.8.0",
      "resolved": "https://registry.npmjs.org/@noble/hashes/-/hashes-1.8.0.tgz",
      "integrity": "sha512-jCs9ldd7NwzpgXDIf6P3+NrHh9/sD6CQdxHyjQI+h/6rDNo88ypBxxz45UDuZHz9r3tNz7N/VInSVoVdtXEI4A==",
      "engines": {
        "node": "^14.21.3 || >=16"
      },
      "funding": {
        "url": "https://paulmillr.com/funding/"
      }
    }
  }
}
